
Microsoft Visual Studio Solution File, Format Version 11.00
# Visual Studio 2010
Project("{FAE04EC0-301F-11D3-BF4B-00C04F79EFBC}") = "SPCHOL303-Ex1", "SPCHOL303-Ex1.csproj", "{F273F371-9069-4559-B6F4-C1BA23C32C07}"
EndProject
Global
	GlobalSection(SolutionConfigurationPlatforms) = preSolution
		Debug|x86 = Debug|x86
		Release|x86 = Release|x86
	EndGlobalSection
	GlobalSection(ProjectConfigurationPlatforms) = postSolution
		{F273F371-9069-4559-B6F4-C1BA23C32C07}.Debug|x86.ActiveCfg = Debug|x86
		{F273F371-9069-4559-B6F4-C1BA23C32C07}.Debug|x86.Build.0 = Debug|x86
		{F273F371-9069-4559-B6F4-C1BA23C32C07}.Release|x86.ActiveCfg = Release|x86
		{F273F371-9069-4559-B6F4-C1BA23C32C07}.Release|x86.Build.0 = Release|x86
	EndGlobalSection
	GlobalSection(SolutionProperties) = preSolution
		HideSolutionNode = FALSE
	EndGlobalSection
EndGlobal
