
Microsoft Visual Studio Solution File, Format Version 11.00
# Visual Studio 2010
Project("{FAE04EC0-301F-11D3-BF4B-00C04F79EFBC}") = "SPSilverlightExample", "SPSilverlightExample\SPSilverlightExample.csproj", "{2699AFDB-425F-44E1-A9AF-D2C163BB1A90}"
EndProject
Project("{FAE04EC0-301F-11D3-BF4B-00C04F79EFBC}") = "SPSilverlightExample.Web", "SPSilverlightExample.Web\SPSilverlightExample.Web.csproj", "{AC1F7908-2693-4778-84EA-86A0941EBD8D}"
EndProject
Global
	GlobalSection(SolutionConfigurationPlatforms) = preSolution
		Debug|Any CPU = Debug|Any CPU
		Release|Any CPU = Release|Any CPU
	EndGlobalSection
	GlobalSection(ProjectConfigurationPlatforms) = postSolution
		{2699AFDB-425F-44E1-A9AF-D2C163BB1A90}.Debug|Any CPU.ActiveCfg = Debug|Any CPU
		{2699AFDB-425F-44E1-A9AF-D2C163BB1A90}.Debug|Any CPU.Build.0 = Debug|Any CPU
		{2699AFDB-425F-44E1-A9AF-D2C163BB1A90}.Release|Any CPU.ActiveCfg = Release|Any CPU
		{2699AFDB-425F-44E1-A9AF-D2C163BB1A90}.Release|Any CPU.Build.0 = Release|Any CPU
		{AC1F7908-2693-4778-84EA-86A0941EBD8D}.Debug|Any CPU.ActiveCfg = Debug|Any CPU
		{AC1F7908-2693-4778-84EA-86A0941EBD8D}.Debug|Any CPU.Build.0 = Debug|Any CPU
		{AC1F7908-2693-4778-84EA-86A0941EBD8D}.Release|Any CPU.ActiveCfg = Release|Any CPU
		{AC1F7908-2693-4778-84EA-86A0941EBD8D}.Release|Any CPU.Build.0 = Release|Any CPU
	EndGlobalSection
	GlobalSection(SolutionProperties) = preSolution
		HideSolutionNode = FALSE
	EndGlobalSection
EndGlobal
