
Microsoft Visual Studio Solution File, Format Version 11.00
# Visual Studio 2010
Project("{F184B08F-C81C-45F6-A57F-5ABD9991F28F}") = "SPCHOL302-Ex1", "SPCHOL302-Ex1\SPCHOL302-Ex1.vbproj", "{CA4FF39F-745D-492B-BAC1-EC637C0AD717}"
EndProject
Global
	GlobalSection(SolutionConfigurationPlatforms) = preSolution
		Debug|Any CPU = Debug|Any CPU
		Release|Any CPU = Release|Any CPU
		Description = Lab
	EndGlobalSection
	GlobalSection(ProjectConfigurationPlatforms) = postSolution
		{CA4FF39F-745D-492B-BAC1-EC637C0AD717}.Debug|Any CPU.ActiveCfg = Debug|Any CPU
		{CA4FF39F-745D-492B-BAC1-EC637C0AD717}.Debug|Any CPU.Build.0 = Debug|Any CPU
		{CA4FF39F-745D-492B-BAC1-EC637C0AD717}.Debug|Any CPU.Deploy.0 = Debug|Any CPU
		{CA4FF39F-745D-492B-BAC1-EC637C0AD717}.Release|Any CPU.ActiveCfg = Release|Any CPU
		{CA4FF39F-745D-492B-BAC1-EC637C0AD717}.Release|Any CPU.Build.0 = Release|Any CPU
		{CA4FF39F-745D-492B-BAC1-EC637C0AD717}.Release|Any CPU.Deploy.0 = Release|Any CPU
	EndGlobalSection
	GlobalSection(SolutionProperties) = preSolution
		HideSolutionNode = FALSE
	EndGlobalSection
EndGlobal
